Microsoft Visual Studio Solution File, Format Version 12.00
# Visual Studio Version 17
VisualStudioVersion = 17.5.2.0
MinimumVisualStudioVersion = 10.0.40219.1
Project("{9A19103F-16F7-4668-BE54-9A1E7A4F7556}") = "GameOfLife.Core", "GameOfLife.Core\GameOfLife.Core.csproj", "{82670ECE-716F-4984-AC43-ECCFBC900B7F}"
EndProject
Project("{2150E333-8FDC-42A3-9474-1A3956D46DE8}") = "src", "src", "{F1BCFE13-2B39-4778-8480-313AFC0B4AEC}"
EndProject
Project("{9A19103F-16F7-4668-BE54-9A1E7A4F7556}") = "GameOfLife.Console", "GameOfLife.Console\GameOfLife.Console.csproj", "{212C44B7-1A79-414F-914B-02CD4C449C00}"
EndProject
Global
	GlobalSection(SolutionConfigurationPlatforms) = preSolution
		Debug|Any CPU = Debug|Any CPU
		Release|Any CPU = Release|Any CPU
	EndGlobalSection
	GlobalSection(ProjectConfigurationPlatforms) = postSolution
		{82670ECE-716F-4984-AC43-ECCFBC900B7F}.Debug|Any CPU.ActiveCfg = Debug|Any CPU
		{82670ECE-716F-4984-AC43-ECCFBC900B7F}.Debug|Any CPU.Build.0 = Debug|Any CPU
		{82670ECE-716F-4984-AC43-ECCFBC900B7F}.Release|Any CPU.ActiveCfg = Release|Any CPU
		{82670ECE-716F-4984-AC43-ECCFBC900B7F}.Release|Any CPU.Build.0 = Release|Any CPU
		{212C44B7-1A79-414F-914B-02CD4C449C00}.Debug|Any CPU.ActiveCfg = Debug|Any CPU
		{212C44B7-1A79-414F-914B-02CD4C449C00}.Debug|Any CPU.Build.0 = Debug|Any CPU
		{212C44B7-1A79-414F-914B-02CD4C449C00}.Release|Any CPU.ActiveCfg = Release|Any CPU
		{212C44B7-1A79-414F-914B-02CD4C449C00}.Release|Any CPU.Build.0 = Release|Any CPU
	EndGlobalSection
	GlobalSection(SolutionProperties) = preSolution
		HideSolutionNode = FALSE
	EndGlobalSection
	GlobalSection(NestedProjects) = preSolution
		{82670ECE-716F-4984-AC43-ECCFBC900B7F} = {F1BCFE13-2B39-4778-8480-313AFC0B4AEC}
		{212C44B7-1A79-414F-914B-02CD4C449C00} = {F1BCFE13-2B39-4778-8480-313AFC0B4AEC}
	EndGlobalSection
	GlobalSection(ExtensibilityGlobals) = postSolution
		SolutionGuid = {55E4238F-F038-48A7-B896-515DF3BAF779}
	EndGlobalSection
EndGlobal
